
Microsoft Visual Studio Solution File, Format Version 12.00
# Visual Studio 15
VisualStudioVersion = 15.0.27130.2027
MinimumVisualStudioVersion = 10.0.40219.1
Project("{FAE04EC0-301F-11D3-BF4B-00C04F79EFBC}") = "ConsoleApp1", "ConsoleApp1\ConsoleApp1.csproj", "{2266EF20-0203-4AC9-870D-DD8FCC0C27F1}"
EndProject
Global
	GlobalSection(SolutionConfigurationPlatforms) = preSolution
		Debug|Any CPU = Debug|Any CPU
		Release|Any CPU = Release|Any CPU
	EndGlobalSection
	GlobalSection(ProjectConfigurationPlatforms) = postSolution
		{2266EF20-0203-4AC9-870D-DD8FCC0C27F1}.Debug|Any CPU.ActiveCfg = Debug|Any CPU
		{2266EF20-0203-4AC9-870D-DD8FCC0C27F1}.Debug|Any CPU.Build.0 = Debug|Any CPU
		{2266EF20-0203-4AC9-870D-DD8FCC0C27F1}.Release|Any CPU.ActiveCfg = Release|Any CPU
		{2266EF20-0203-4AC9-870D-DD8FCC0C27F1}.Release|Any CPU.Build.0 = Release|Any CPU
	EndGlobalSection
	GlobalSection(SolutionProperties) = preSolution
		HideSolutionNode = FALSE
	EndGlobalSection
	GlobalSection(ExtensibilityGlobals) = postSolution
		SolutionGuid = {6A2838FE-0933-4439-B988-6E335B4CEBF5}
	EndGlobalSection
EndGlobal
